
Microsoft Visual Studio Solution File, Format Version 12.00
Project("{FAE04EC0-301F-11D3-BF4B-00C04F79EFBC}") = "HereWeGo", "HereWeGo\HereWeGo.csproj", "{AF006713-E691-4878-94B2-01E9E7563270}"
EndProject
Project("{FAE04EC0-301F-11D3-BF4B-00C04F79EFBC}") = "TestProject1", "TestProject1\TestProject1.csproj", "{A91E40C5-341B-4856-90AF-C31BFF83E2A9}"
EndProject
Project("{FAE04EC0-301F-11D3-BF4B-00C04F79EFBC}") = "WorkerService1", "WorkerService1\WorkerService1.csproj", "{5397DB59-0433-4B8A-A730-16E38796DA20}"
EndProject
Project("{FAE04EC0-301F-11D3-BF4B-00C04F79EFBC}") = "RestApi", "RestApi\RestApi.csproj", "{0C715564-0207-426A-8845-06A96BB936C3}"
EndProject
Project("{FAE04EC0-301F-11D3-BF4B-00C04F79EFBC}") = "Example", "Example\Example.csproj", "{1739C780-65EC-433A-9B86-F97A377AD90B}"
EndProject
Project("{FAE04EC0-301F-11D3-BF4B-00C04F79EFBC}") = "ConsoleApp1", "ConsoleApp1\ConsoleApp1.csproj", "{C3010298-34EE-4EE1-BEDA-365F8A19F852}"
EndProject
Project("{FAE04EC0-301F-11D3-BF4B-00C04F79EFBC}") = "WebApplication1", "WebApplication1\WebApplication1.csproj", "{AF510B61-672A-42A7-9FB0-E829A403D2EB}"
EndProject
Project("{FAE04EC0-301F-11D3-BF4B-00C04F79EFBC}") = "WebApplication2", "WebApplication2\WebApplication2.csproj", "{E682FE42-DA5A-4AC4-BC77-2EBE21E75C71}"
EndProject
Project("{FAE04EC0-301F-11D3-BF4B-00C04F79EFBC}") = "MyWebApp", "MyWebApp\MyWebApp.csproj", "{2E4B0E54-740B-481C-9962-DEB877F422E1}"
EndProject
Project("{FAE04EC0-301F-11D3-BF4B-00C04F79EFBC}") = "WebApi", "WebApi\WebApi.csproj", "{70810058-DCD1-4EBD-B321-7A72F59927C0}"
EndProject
Project("{FAE04EC0-301F-11D3-BF4B-00C04F79EFBC}") = "LruFinal", "LruFinal\LruFinal.csproj", "{D67F9A1D-5031-42F4-91AE-D0491E27E21F}"
EndProject
Project("{FAE04EC0-301F-11D3-BF4B-00C04F79EFBC}") = "ConsoleApp2", "ConsoleApp2\ConsoleApp2.csproj", "{42EC1176-5CDC-409A-ABA3-BB2CE18A063E}"
EndProject
Project("{FAE04EC0-301F-11D3-BF4B-00C04F79EFBC}") = "GenreBook", "GenreBook\GenreBook.csproj", "{51D7156B-3BCC-487C-8B32-B548BC40063A}"
EndProject
Project("{FAE04EC0-301F-11D3-BF4B-00C04F79EFBC}") = "GenreBookByMe", "GenreBookByMe\GenreBookByMe.csproj", "{A482DB27-B21B-4A5B-B841-214C456D677B}"
EndProject
Global
	GlobalSection(SolutionConfigurationPlatforms) = preSolution
		Debug|Any CPU = Debug|Any CPU
		Release|Any CPU = Release|Any CPU
	EndGlobalSection
	GlobalSection(ProjectConfigurationPlatforms) = postSolution
		{AF006713-E691-4878-94B2-01E9E7563270}.Debug|Any CPU.ActiveCfg = Debug|Any CPU
		{AF006713-E691-4878-94B2-01E9E7563270}.Debug|Any CPU.Build.0 = Debug|Any CPU
		{AF006713-E691-4878-94B2-01E9E7563270}.Release|Any CPU.ActiveCfg = Release|Any CPU
		{AF006713-E691-4878-94B2-01E9E7563270}.Release|Any CPU.Build.0 = Release|Any CPU
		{A91E40C5-341B-4856-90AF-C31BFF83E2A9}.Debug|Any CPU.ActiveCfg = Debug|Any CPU
		{A91E40C5-341B-4856-90AF-C31BFF83E2A9}.Debug|Any CPU.Build.0 = Debug|Any CPU
		{A91E40C5-341B-4856-90AF-C31BFF83E2A9}.Release|Any CPU.ActiveCfg = Release|Any CPU
		{A91E40C5-341B-4856-90AF-C31BFF83E2A9}.Release|Any CPU.Build.0 = Release|Any CPU
		{5397DB59-0433-4B8A-A730-16E38796DA20}.Debug|Any CPU.ActiveCfg = Debug|Any CPU
		{5397DB59-0433-4B8A-A730-16E38796DA20}.Debug|Any CPU.Build.0 = Debug|Any CPU
		{5397DB59-0433-4B8A-A730-16E38796DA20}.Release|Any CPU.ActiveCfg = Release|Any CPU
		{5397DB59-0433-4B8A-A730-16E38796DA20}.Release|Any CPU.Build.0 = Release|Any CPU
		{0C715564-0207-426A-8845-06A96BB936C3}.Debug|Any CPU.ActiveCfg = Debug|Any CPU
		{0C715564-0207-426A-8845-06A96BB936C3}.Debug|Any CPU.Build.0 = Debug|Any CPU
		{0C715564-0207-426A-8845-06A96BB936C3}.Release|Any CPU.ActiveCfg = Release|Any CPU
		{0C715564-0207-426A-8845-06A96BB936C3}.Release|Any CPU.Build.0 = Release|Any CPU
		{1739C780-65EC-433A-9B86-F97A377AD90B}.Debug|Any CPU.ActiveCfg = Debug|Any CPU
		{1739C780-65EC-433A-9B86-F97A377AD90B}.Debug|Any CPU.Build.0 = Debug|Any CPU
		{1739C780-65EC-433A-9B86-F97A377AD90B}.Release|Any CPU.ActiveCfg = Release|Any CPU
		{1739C780-65EC-433A-9B86-F97A377AD90B}.Release|Any CPU.Build.0 = Release|Any CPU
		{C3010298-34EE-4EE1-BEDA-365F8A19F852}.Debug|Any CPU.ActiveCfg = Debug|Any CPU
		{C3010298-34EE-4EE1-BEDA-365F8A19F852}.Debug|Any CPU.Build.0 = Debug|Any CPU
		{C3010298-34EE-4EE1-BEDA-365F8A19F852}.Release|Any CPU.ActiveCfg = Release|Any CPU
		{C3010298-34EE-4EE1-BEDA-365F8A19F852}.Release|Any CPU.Build.0 = Release|Any CPU
		{AF510B61-672A-42A7-9FB0-E829A403D2EB}.Debug|Any CPU.ActiveCfg = Debug|Any CPU
		{AF510B61-672A-42A7-9FB0-E829A403D2EB}.Debug|Any CPU.Build.0 = Debug|Any CPU
		{AF510B61-672A-42A7-9FB0-E829A403D2EB}.Release|Any CPU.ActiveCfg = Release|Any CPU
		{AF510B61-672A-42A7-9FB0-E829A403D2EB}.Release|Any CPU.Build.0 = Release|Any CPU
		{E682FE42-DA5A-4AC4-BC77-2EBE21E75C71}.Debug|Any CPU.ActiveCfg = Debug|Any CPU
		{E682FE42-DA5A-4AC4-BC77-2EBE21E75C71}.Debug|Any CPU.Build.0 = Debug|Any CPU
		{E682FE42-DA5A-4AC4-BC77-2EBE21E75C71}.Release|Any CPU.ActiveCfg = Release|Any CPU
		{E682FE42-DA5A-4AC4-BC77-2EBE21E75C71}.Release|Any CPU.Build.0 = Release|Any CPU
		{2E4B0E54-740B-481C-9962-DEB877F422E1}.Debug|Any CPU.ActiveCfg = Debug|Any CPU
		{2E4B0E54-740B-481C-9962-DEB877F422E1}.Debug|Any CPU.Build.0 = Debug|Any CPU
		{2E4B0E54-740B-481C-9962-DEB877F422E1}.Release|Any CPU.ActiveCfg = Release|Any CPU
		{2E4B0E54-740B-481C-9962-DEB877F422E1}.Release|Any CPU.Build.0 = Release|Any CPU
		{70810058-DCD1-4EBD-B321-7A72F59927C0}.Debug|Any CPU.ActiveCfg = Debug|Any CPU
		{70810058-DCD1-4EBD-B321-7A72F59927C0}.Debug|Any CPU.Build.0 = Debug|Any CPU
		{70810058-DCD1-4EBD-B321-7A72F59927C0}.Release|Any CPU.ActiveCfg = Release|Any CPU
		{70810058-DCD1-4EBD-B321-7A72F59927C0}.Release|Any CPU.Build.0 = Release|Any CPU
		{D67F9A1D-5031-42F4-91AE-D0491E27E21F}.Debug|Any CPU.ActiveCfg = Debug|Any CPU
		{D67F9A1D-5031-42F4-91AE-D0491E27E21F}.Debug|Any CPU.Build.0 = Debug|Any CPU
		{D67F9A1D-5031-42F4-91AE-D0491E27E21F}.Release|Any CPU.ActiveCfg = Release|Any CPU
		{D67F9A1D-5031-42F4-91AE-D0491E27E21F}.Release|Any CPU.Build.0 = Release|Any CPU
		{42EC1176-5CDC-409A-ABA3-BB2CE18A063E}.Debug|Any CPU.ActiveCfg = Debug|Any CPU
		{42EC1176-5CDC-409A-ABA3-BB2CE18A063E}.Debug|Any CPU.Build.0 = Debug|Any CPU
		{42EC1176-5CDC-409A-ABA3-BB2CE18A063E}.Release|Any CPU.ActiveCfg = Release|Any CPU
		{42EC1176-5CDC-409A-ABA3-BB2CE18A063E}.Release|Any CPU.Build.0 = Release|Any CPU
		{51D7156B-3BCC-487C-8B32-B548BC40063A}.Debug|Any CPU.ActiveCfg = Debug|Any CPU
		{51D7156B-3BCC-487C-8B32-B548BC40063A}.Debug|Any CPU.Build.0 = Debug|Any CPU
		{51D7156B-3BCC-487C-8B32-B548BC40063A}.Release|Any CPU.ActiveCfg = Release|Any CPU
		{51D7156B-3BCC-487C-8B32-B548BC40063A}.Release|Any CPU.Build.0 = Release|Any CPU
		{A482DB27-B21B-4A5B-B841-214C456D677B}.Debug|Any CPU.ActiveCfg = Debug|Any CPU
		{A482DB27-B21B-4A5B-B841-214C456D677B}.Debug|Any CPU.Build.0 = Debug|Any CPU
		{A482DB27-B21B-4A5B-B841-214C456D677B}.Release|Any CPU.ActiveCfg = Release|Any CPU
		{A482DB27-B21B-4A5B-B841-214C456D677B}.Release|Any CPU.Build.0 = Release|Any CPU
	EndGlobalSection
EndGlobal
